// !$*UTF8*$!
{
	archiveVersion = 1;
	classes = {
	};
	objectVersion = 50;
	objects = {

/* Begin PBXBuildFile section */
		BB17F53024192612006CE6A0 /* MapViewController.swift in Sources */ = {isa = PBXBuildFile; fileRef = BB17F52F24192612006CE6A0 /* MapViewController.swift */; };
		BB17F53224192814006CE6A0 /* LocationManager.swift in Sources */ = {isa = PBXBuildFile; fileRef = BB17F53124192814006CE6A0 /* LocationManager.swift */; };
		BB17F53424192DBB006CE6A0 /* MentalistManager.swift in Sources */ = {isa = PBXBuildFile; fileRef = BB17F53324192DBA006CE6A0 /* MentalistManager.swift */; };
		BB82BA0D2418F447007AEE44 /* AppDelegate.swift in Sources */ = {isa = PBXBuildFile; fileRef = BB82BA0C2418F447007AEE44 /* AppDelegate.swift */; };
		BB82BA0F2418F447007AEE44 /* SceneDelegate.swift in Sources */ = {isa = PBXBuildFile; fileRef = BB82BA0E2418F447007AEE44 /* SceneDelegate.swift */; };
		BB82BA112418F447007AEE44 /* ViewController.swift in Sources */ = {isa = PBXBuildFile; fileRef = BB82BA102418F447007AEE44 /* ViewController.swift */; };
		BB82BA142418F447007AEE44 /* Main.storyboard in Resources */ = {isa = PBXBuildFile; fileRef = BB82BA122418F447007AEE44 /* Main.storyboard */; };
		BB82BA162418F448007AEE44 /* Assets.xcassets in Resources */ = {isa = PBXBuildFile; fileRef = BB82BA152418F448007AEE44 /* Assets.xcassets */; };
		BB82BA192418F448007AEE44 /* LaunchScreen.storyboard in Resources */ = {isa = PBXBuildFile; fileRef = BB82BA172418F448007AEE44 /* LaunchScreen.storyboard */; };
		BB82BA242418F449007AEE44 /* MentalistTests.swift in Sources */ = {isa = PBXBuildFile; fileRef = BB82BA232418F449007AEE44 /* MentalistTests.swift */; };
		BB82BA2F2418F4A9007AEE44 /* BLEManager.swift in Sources */ = {isa = PBXBuildFile; fileRef = BB82BA2E2418F4A8007AEE44 /* BLEManager.swift */; };
		BB82BA312418F6C4007AEE44 /* ChatPeripherals.swift in Sources */ = {isa = PBXBuildFile; fileRef = BB82BA302418F6C4007AEE44 /* ChatPeripherals.swift */; };
		BB82BA332418F6CD007AEE44 /* Helpers.swift in Sources */ = {isa = PBXBuildFile; fileRef = BB82BA322418F6CD007AEE44 /* Helpers.swift */; };
		BB82BA352418FA62007AEE44 /* BLEChunker.swift in Sources */ = {isa = PBXBuildFile; fileRef = BB82BA342418FA62007AEE44 /* BLEChunker.swift */; };
		BB82BA3A2418FAC6007AEE44 /* ArrayExtensions.swift in Sources */ = {isa = PBXBuildFile; fileRef = BB82BA372418FAC6007AEE44 /* ArrayExtensions.swift */; };
		BB82BA3C2418FAC6007AEE44 /* DataConvertibleExtensions.swift in Sources */ = {isa = PBXBuildFile; fileRef = BB82BA392418FAC6007AEE44 /* DataConvertibleExtensions.swift */; };
		BB82BA4224190E91007AEE44 /* LetterCollectionViewCell.swift in Sources */ = {isa = PBXBuildFile; fileRef = BB82BA4124190E91007AEE44 /* LetterCollectionViewCell.swift */; };
		BB82BA442419137C007AEE44 /* LettersViewController.swift in Sources */ = {isa = PBXBuildFile; fileRef = BB82BA432419137C007AEE44 /* LettersViewController.swift */; };
		BB82BA4624191A2A007AEE44 /* FinalViewController.swift in Sources */ = {isa = PBXBuildFile; fileRef = BB82BA4524191A2A007AEE44 /* FinalViewController.swift */; };
		BB82BA4E24191FB1007AEE44 /* StringMetric.swift in Sources */ = {isa = PBXBuildFile; fileRef = BB82BA4C24191FB1007AEE44 /* StringMetric.swift */; };
		BB82BA4F24191FB1007AEE44 /* String+Extension.swift in Sources */ = {isa = PBXBuildFile; fileRef = BB82BA4D24191FB1007AEE44 /* String+Extension.swift */; };
/* End PBXBuildFile section */

/* Begin PBXContainerItemProxy section */
		BB82BA202418F449007AEE44 /* PBXContainerItemProxy */ = {
			isa = PBXContainerItemProxy;
			containerPortal = BB82BA012418F447007AEE44 /* Project object */;
			proxyType = 1;
			remoteGlobalIDString = BB82BA082418F447007AEE44;
			remoteInfo = Mentalist;
		};
/* End PBXContainerItemProxy section */

/* Begin PBXFileReference section */
		BB17F52F24192612006CE6A0 /* MapViewController.swift */ = {isa = PBXFileReference; lastKnownFileType = sourcecode.swift; path = MapViewController.swift; sourceTree = "<group>"; };
		BB17F53124192814006CE6A0 /* LocationManager.swift */ = {isa = PBXFileReference; lastKnownFileType = sourcecode.swift; path = LocationManager.swift; sourceTree = "<group>"; };
		BB17F53324192DBA006CE6A0 /* MentalistManager.swift */ = {isa = PBXFileReference; lastKnownFileType = sourcecode.swift; path = MentalistManager.swift; sourceTree = "<group>"; };
		BB82BA092418F447007AEE44 /* Mentalist.app */ = {isa = PBXFileReference; explicitFileType = wrapper.application; includeInIndex = 0; path = Mentalist.app; sourceTree = BUILT_PRODUCTS_DIR; };
		BB82BA0C2418F447007AEE44 /* AppDelegate.swift */ = {isa = PBXFileReference; lastKnownFileType = sourcecode.swift; path = AppDelegate.swift; sourceTree = "<group>"; };
		BB82BA0E2418F447007AEE44 /* SceneDelegate.swift */ = {isa = PBXFileReference; lastKnownFileType = sourcecode.swift; path = SceneDelegate.swift; sourceTree = "<group>"; };
		BB82BA102418F447007AEE44 /* ViewController.swift */ = {isa = PBXFileReference; lastKnownFileType = sourcecode.swift; path = ViewController.swift; sourceTree = "<group>"; };
		BB82BA132418F447007AEE44 /* Base */ = {isa = PBXFileReference; lastKnownFileType = file.storyboard; name = Base; path = Base.lproj/Main.storyboard; sourceTree = "<group>"; };
		BB82BA152418F448007AEE44 /* Assets.xcassets */ = {isa = PBXFileReference; lastKnownFileType = folder.assetcatalog; path = Assets.xcassets; sourceTree = "<group>"; };
		BB82BA182418F448007AEE44 /* Base */ = {isa = PBXFileReference; lastKnownFileType = file.storyboard; name = Base; path = Base.lproj/LaunchScreen.storyboard; sourceTree = "<group>"; };
		BB82BA1A2418F448007AEE44 /* Info.plist */ = {isa = PBXFileReference; lastKnownFileType = text.plist.xml; path = Info.plist; sourceTree = "<group>"; };
		BB82BA1F2418F449007AEE44 /* MentalistTests.xctest */ = {isa = PBXFileReference; explicitFileType = wrapper.cfbundle; includeInIndex = 0; path = MentalistTests.xctest; sourceTree = BUILT_PRODUCTS_DIR; };
		BB82BA232418F449007AEE44 /* MentalistTests.swift */ = {isa = PBXFileReference; lastKnownFileType = sourcecode.swift; path = MentalistTests.swift; sourceTree = "<group>"; };
		BB82BA252418F449007AEE44 /* Info.plist */ = {isa = PBXFileReference; lastKnownFileType = text.plist.xml; path = Info.plist; sourceTree = "<group>"; };
		BB82BA2E2418F4A8007AEE44 /* BLEManager.swift */ = {isa = PBXFileReference; fileEncoding = 4; lastKnownFileType = sourcecode.swift; path = BLEManager.swift; sourceTree = "<group>"; };
		BB82BA302418F6C4007AEE44 /* ChatPeripherals.swift */ = {isa = PBXFileReference; fileEncoding = 4; lastKnownFileType = sourcecode.swift; path = ChatPeripherals.swift; sourceTree = "<group>"; };
		BB82BA322418F6CD007AEE44 /* Helpers.swift */ = {isa = PBXFileReference; fileEncoding = 4; lastKnownFileType = sourcecode.swift; path = Helpers.swift; sourceTree = "<group>"; };
		BB82BA342418FA62007AEE44 /* BLEChunker.swift */ = {isa = PBXFileReference; fileEncoding = 4; lastKnownFileType = sourcecode.swift; path = BLEChunker.swift; sourceTree = "<group>"; };
		BB82BA372418FAC6007AEE44 /* ArrayExtensions.swift */ = {isa = PBXFileReference; fileEncoding = 4; lastKnownFileType = sourcecode.swift; path = ArrayExtensions.swift; sourceTree = "<group>"; };
		BB82BA392418FAC6007AEE44 /* DataConvertibleExtensions.swift */ = {isa = PBXFileReference; fileEncoding = 4; lastKnownFileType = sourcecode.swift; path = DataConvertibleExtensions.swift; sourceTree = "<group>"; };
		BB82BA4124190E91007AEE44 /* LetterCollectionViewCell.swift */ = {isa = PBXFileReference; lastKnownFileType = sourcecode.swift; path = LetterCollectionViewCell.swift; sourceTree = "<group>"; };
		BB82BA432419137C007AEE44 /* LettersViewController.swift */ = {isa = PBXFileReference; lastKnownFileType = sourcecode.swift; path = LettersViewController.swift; sourceTree = "<group>"; };
		BB82BA4524191A2A007AEE44 /* FinalViewController.swift */ = {isa = PBXFileReference; lastKnownFileType = sourcecode.swift; path = FinalViewController.swift; sourceTree = "<group>"; };
		BB82BA4C24191FB1007AEE44 /* StringMetric.swift */ = {isa = PBXFileReference; fileEncoding = 4; lastKnownFileType = sourcecode.swift; path = StringMetric.swift; sourceTree = "<group>"; };
		BB82BA4D24191FB1007AEE44 /* String+Extension.swift */ = {isa = PBXFileReference; fileEncoding = 4; lastKnownFileType = sourcecode.swift; path = "String+Extension.swift"; sourceTree = "<group>"; };
/* End PBXFileReference section */

/* Begin PBXFrameworksBuildPhase section */
		BB82BA062418F447007AEE44 /* Frameworks */ = {
			isa = PBXFrameworksBuildPhase;
			buildActionMask = 2147483647;
			files = (
			);
			runOnlyForDeploymentPostprocessing = 0;
		};
		BB82BA1C2418F449007AEE44 /* Frameworks */ = {
			isa = PBXFrameworksBuildPhase;
			buildActionMask = 2147483647;
			files = (
			);
			runOnlyForDeploymentPostprocessing = 0;
		};
/* End PBXFrameworksBuildPhase section */

/* Begin PBXGroup section */
		BB17F535241934AE006CE6A0 /* StringMetric */ = {
			isa = PBXGroup;
			children = (
				BB82BA4D24191FB1007AEE44 /* String+Extension.swift */,
				BB82BA4C24191FB1007AEE44 /* StringMetric.swift */,
			);
			path = StringMetric;
			sourceTree = "<group>";
		};
		BB17F536241934E0006CE6A0 /* BLE */ = {
			isa = PBXGroup;
			children = (
				BB82BA342418FA62007AEE44 /* BLEChunker.swift */,
				BB82BA302418F6C4007AEE44 /* ChatPeripherals.swift */,
				BB82BA2E2418F4A8007AEE44 /* BLEManager.swift */,
			);
			path = BLE;
			sourceTree = "<group>";
		};
		BB17F537241934F8006CE6A0 /* Managers */ = {
			isa = PBXGroup;
			children = (
				BB17F53124192814006CE6A0 /* LocationManager.swift */,
				BB17F53324192DBA006CE6A0 /* MentalistManager.swift */,
			);
			path = Managers;
			sourceTree = "<group>";
		};
		BB82BA002418F447007AEE44 = {
			isa = PBXGroup;
			children = (
				BB82BA0B2418F447007AEE44 /* Mentalist */,
				BB82BA222418F449007AEE44 /* MentalistTests */,
				BB82BA0A2418F447007AEE44 /* Products */,
			);
			sourceTree = "<group>";
		};
		BB82BA0A2418F447007AEE44 /* Products */ = {
			isa = PBXGroup;
			children = (
				BB82BA092418F447007AEE44 /* Mentalist.app */,
				BB82BA1F2418F449007AEE44 /* MentalistTests.xctest */,
			);
			name = Products;
			sourceTree = "<group>";
		};
		BB82BA0B2418F447007AEE44 /* Mentalist */ = {
			isa = PBXGroup;
			children = (
				BB17F537241934F8006CE6A0 /* Managers */,
				BB17F536241934E0006CE6A0 /* BLE */,
				BB17F535241934AE006CE6A0 /* StringMetric */,
				BB82BA362418FAC6007AEE44 /* Extensions */,
				BB82BA322418F6CD007AEE44 /* Helpers.swift */,
				BB82BA0C2418F447007AEE44 /* AppDelegate.swift */,
				BB82BA0E2418F447007AEE44 /* SceneDelegate.swift */,
				BB17F52F24192612006CE6A0 /* MapViewController.swift */,
				BB82BA102418F447007AEE44 /* ViewController.swift */,
				BB82BA432419137C007AEE44 /* LettersViewController.swift */,
				BB82BA4124190E91007AEE44 /* LetterCollectionViewCell.swift */,
				BB82BA4524191A2A007AEE44 /* FinalViewController.swift */,
				BB82BA122418F447007AEE44 /* Main.storyboard */,
				BB82BA152418F448007AEE44 /* Assets.xcassets */,
				BB82BA172418F448007AEE44 /* LaunchScreen.storyboard */,
				BB82BA1A2418F448007AEE44 /* Info.plist */,
			);
			path = Mentalist;
			sourceTree = "<group>";
		};
		BB82BA222418F449007AEE44 /* MentalistTests */ = {
			isa = PBXGroup;
			children = (
				BB82BA232418F449007AEE44 /* MentalistTests.swift */,
				BB82BA252418F449007AEE44 /* Info.plist */,
			);
			path = MentalistTests;
			sourceTree = "<group>";
		};
		BB82BA362418FAC6007AEE44 /* Extensions */ = {
			isa = PBXGroup;
			children = (
				BB82BA372418FAC6007AEE44 /* ArrayExtensions.swift */,
				BB82BA392418FAC6007AEE44 /* DataConvertibleExtensions.swift */,
			);
			path = Extensions;
			sourceTree = "<group>";
		};
/* End PBXGroup section */

/* Begin PBXNativeTarget section */
		BB82BA082418F447007AEE44 /* Mentalist */ = {
			isa = PBXNativeTarget;
			buildConfigurationList = BB82BA282418F449007AEE44 /* Build configuration list for PBXNativeTarget "Mentalist" */;
			buildPhases = (
				BB82BA052418F447007AEE44 /* Sources */,
				BB82BA062418F447007AEE44 /* Frameworks */,
				BB82BA072418F447007AEE44 /* Resources */,
			);
			buildRules = (
			);
			dependencies = (
			);
			name = Mentalist;
			productName = Mentalist;
			productReference = BB82BA092418F447007AEE44 /* Mentalist.app */;
			productType = "com.apple.product-type.application";
		};
		BB82BA1E2418F449007AEE44 /* MentalistTests */ = {
			isa = PBXNativeTarget;
			buildConfigurationList = BB82BA2B2418F449007AEE44 /* Build configuration list for PBXNativeTarget "MentalistTests" */;
			buildPhases = (
				BB82BA1B2418F449007AEE44 /* Sources */,
				BB82BA1C2418F449007AEE44 /* Frameworks */,
				BB82BA1D2418F449007AEE44 /* Resources */,
			);
			buildRules = (
			);
			dependencies = (
				BB82BA212418F449007AEE44 /* PBXTargetDependency */,
			);
			name = MentalistTests;
			productName = MentalistTests;
			productReference = BB82BA1F2418F449007AEE44 /* MentalistTests.xctest */;
			productType = "com.apple.product-type.bundle.unit-test";
		};
/* End PBXNativeTarget section */

/* Begin PBXProject section */
		BB82BA012418F447007AEE44 /* Project object */ = {
			isa = PBXProject;
			attributes = {
				LastSwiftUpdateCheck = 1130;
				LastUpgradeCheck = 1130;
				ORGANIZATIONNAME = "Mickael Debalme";
				TargetAttributes = {
					BB82BA082418F447007AEE44 = {
						CreatedOnToolsVersion = 11.3.1;
					};
					BB82BA1E2418F449007AEE44 = {
						CreatedOnToolsVersion = 11.3.1;
						TestTargetID = BB82BA082418F447007AEE44;
					};
				};
			};
			buildConfigurationList = BB82BA042418F447007AEE44 /* Build configuration list for PBXProject "Mentalist" */;
			compatibilityVersion = "Xcode 9.3";
			developmentRegion = en;
			hasScannedForEncodings = 0;
			knownRegions = (
				en,
				Base,
			);
			mainGroup = BB82BA002418F447007AEE44;
			productRefGroup = BB82BA0A2418F447007AEE44 /* Products */;
			projectDirPath = "";
			projectRoot = "";
			targets = (
				BB82BA082418F447007AEE44 /* Mentalist */,
				BB82BA1E2418F449007AEE44 /* MentalistTests */,
			);
		};
/* End PBXProject section */

/* Begin PBXResourcesBuildPhase section */
		BB82BA072418F447007AEE44 /* Resources */ = {
			isa = PBXResourcesBuildPhase;
			buildActionMask = 2147483647;
			files = (
				BB82BA192418F448007AEE44 /* LaunchScreen.storyboard in Resources */,
				BB82BA162418F448007AEE44 /* Assets.xcassets in Resources */,
				BB82BA142418F447007AEE44 /* Main.storyboard in Resources */,
			);
			runOnlyForDeploymentPostprocessing = 0;
		};
		BB82BA1D2418F449007AEE44 /* Resources */ = {
			isa = PBXResourcesBuildPhase;
			buildActionMask = 2147483647;
			files = (
			);
			runOnlyForDeploymentPostprocessing = 0;
		};
/* End PBXResourcesBuildPhase section */

/* Begin PBXSourcesBuildPhase section */
		BB82BA052418F447007AEE44 /* Sources */ = {
			isa = PBXSourcesBuildPhase;
			buildActionMask = 2147483647;
			files = (
				BB82BA4F24191FB1007AEE44 /* String+Extension.swift in Sources */,
				BB82BA112418F447007AEE44 /* ViewController.swift in Sources */,
				BB17F53424192DBB006CE6A0 /* MentalistManager.swift in Sources */,
				BB82BA4624191A2A007AEE44 /* FinalViewController.swift in Sources */,
				BB82BA332418F6CD007AEE44 /* Helpers.swift in Sources */,
				BB82BA2F2418F4A9007AEE44 /* BLEManager.swift in Sources */,
				BB82BA4224190E91007AEE44 /* LetterCollectionViewCell.swift in Sources */,
				BB82BA442419137C007AEE44 /* LettersViewController.swift in Sources */,
				BB17F53224192814006CE6A0 /* LocationManager.swift in Sources */,
				BB82BA312418F6C4007AEE44 /* ChatPeripherals.swift in Sources */,
				BB82BA3C2418FAC6007AEE44 /* DataConvertibleExtensions.swift in Sources */,
				BB82BA0D2418F447007AEE44 /* AppDelegate.swift in Sources */,
				BB82BA0F2418F447007AEE44 /* SceneDelegate.swift in Sources */,
				BB82BA352418FA62007AEE44 /* BLEChunker.swift in Sources */,
				BB82BA4E24191FB1007AEE44 /* StringMetric.swift in Sources */,
				BB82BA3A2418FAC6007AEE44 /* ArrayExtensions.swift in Sources */,
				BB17F53024192612006CE6A0 /* MapViewController.swift in Sources */,
			);
			runOnlyForDeploymentPostprocessing = 0;
		};
		BB82BA1B2418F449007AEE44 /* Sources */ = {
			isa = PBXSourcesBuildPhase;
			buildActionMask = 2147483647;
			files = (
				BB82BA242418F449007AEE44 /* MentalistTests.swift in Sources */,
			);
			runOnlyForDeploymentPostprocessing = 0;
		};
/* End PBXSourcesBuildPhase section */

/* Begin PBXTargetDependency section */
		BB82BA212418F449007AEE44 /* PBXTargetDependency */ = {
			isa = PBXTargetDependency;
			target = BB82BA082418F447007AEE44 /* Mentalist */;
			targetProxy = BB82BA202418F449007AEE44 /* PBXContainerItemProxy */;
		};
/* End PBXTargetDependency section */

/* Begin PBXVariantGroup section */
		BB82BA122418F447007AEE44 /* Main.storyboard */ = {
			isa = PBXVariantGroup;
			children = (
				BB82BA132418F447007AEE44 /* Base */,
			);
			name = Main.storyboard;
			sourceTree = "<group>";
		};
		BB82BA172418F448007AEE44 /* LaunchScreen.storyboard */ = {
			isa = PBXVariantGroup;
			children = (
				BB82BA182418F448007AEE44 /* Base */,
			);
			name = LaunchScreen.storyboard;
			sourceTree = "<group>";
		};
/* End PBXVariantGroup section */

/* Begin XCBuildConfiguration section */
		BB82BA262418F449007AEE44 /* Debug */ = {
			isa = XCBuildConfiguration;
			buildSettings = {
				ALWAYS_SEARCH_USER_PATHS = NO;
				CLANG_ANALYZER_NONNULL = YES;
				CLANG_ANALYZER_NUMBER_OBJECT_CONVERSION = YES_AGGRESSIVE;
				CLANG_CXX_LANGUAGE_STANDARD = "gnu++14";
				CLANG_CXX_LIBRARY = "libc++";
				CLANG_ENABLE_MODULES = YES;
				CLANG_ENABLE_OBJC_ARC = YES;
				CLANG_ENABLE_OBJC_WEAK = YES;
				CLANG_WARN_BLOCK_CAPTURE_AUTORELEASING = YES;
				CLANG_WARN_BOOL_CONVERSION = YES;
				CLANG_WARN_COMMA = YES;
				CLANG_WARN_CONSTANT_CONVERSION = YES;
				CLANG_WARN_DEPRECATED_OBJC_IMPLEMENTATIONS = YES;
				CLANG_WARN_DIRECT_OBJC_ISA_USAGE = YES_ERROR;
				CLANG_WARN_DOCUMENTATION_COMMENTS = YES;
				CLANG_WARN_EMPTY_BODY = YES;
				CLANG_WARN_ENUM_CONVERSION = YES;
				CLANG_WARN_INFINITE_RECURSION = YES;
				CLANG_WARN_INT_CONVERSION = YES;
				CLANG_WARN_NON_LITERAL_NULL_CONVERSION = YES;
				CLANG_WARN_OBJC_IMPLICIT_RETAIN_SELF = YES;
				CLANG_WARN_OBJC_LITERAL_CONVERSION = YES;
				CLANG_WARN_OBJC_ROOT_CLASS = YES_ERROR;
				CLANG_WARN_RANGE_LOOP_ANALYSIS = YES;
				CLANG_WARN_STRICT_PROTOTYPES = YES;
				CLANG_WARN_SUSPICIOUS_MOVE = YES;
				CLANG_WARN_UNGUARDED_AVAILABILITY = YES_AGGRESSIVE;
				CLANG_WARN_UNREACHABLE_CODE = YES;
				CLANG_WARN__DUPLICATE_METHOD_MATCH = YES;
				COPY_PHASE_STRIP = NO;
				DEBUG_INFORMATION_FORMAT = dwarf;
				ENABLE_STRICT_OBJC_MSGSEND = YES;
				ENABLE_TESTABILITY = YES;
				GCC_C_LANGUAGE_STANDARD = gnu11;
				GCC_DYNAMIC_NO_PIC = NO;
				GCC_NO_COMMON_BLOCKS = YES;
				GCC_OPTIMIZATION_LEVEL = 0;
				GCC_PREPROCESSOR_DEFINITIONS = (
					"DEBUG=1",
					"$(inherited)",
				);
				GCC_WARN_64_TO_32_BIT_CONVERSION = YES;
				GCC_WARN_ABOUT_RETURN_TYPE = YES_ERROR;
				GCC_WARN_UNDECLARED_SELECTOR = YES;
				GCC_WARN_UNINITIALIZED_AUTOS = YES_AGGRESSIVE;
				GCC_WARN_UNUSED_FUNCTION = YES;
				GCC_WARN_UNUSED_VARIABLE = YES;
				IPHONEOS_DEPLOYMENT_TARGET = 13.2;
				MTL_ENABLE_DEBUG_INFO = INCLUDE_SOURCE;
				MTL_FAST_MATH = YES;
				ONLY_ACTIVE_ARCH = YES;
				SDKROOT = iphoneos;
				SWIFT_ACTIVE_COMPILATION_CONDITIONS = DEBUG;
				SWIFT_OPTIMIZATION_LEVEL = "-Onone";
			};
			name = Debug;
		};
		BB82BA272418F449007AEE44 /* Release */ = {
			isa = XCBuildConfiguration;
			buildSettings = {
				ALWAYS_SEARCH_USER_PATHS = NO;
				CLANG_ANALYZER_NONNULL = YES;
				CLANG_ANALYZER_NUMBER_OBJECT_CONVERSION = YES_AGGRESSIVE;
				CLANG_CXX_LANGUAGE_STANDARD = "gnu++14";
				CLANG_CXX_LIBRARY = "libc++";
				CLANG_ENABLE_MODULES = YES;
				CLANG_ENABLE_OBJC_ARC = YES;
				CLANG_ENABLE_OBJC_WEAK = YES;
				CLANG_WARN_BLOCK_CAPTURE_AUTORELEASING = YES;
				CLANG_WARN_BOOL_CONVERSION = YES;
				CLANG_WARN_COMMA = YES;
				CLANG_WARN_CONSTANT_CONVERSION = YES;
				CLANG_WARN_DEPRECATED_OBJC_IMPLEMENTATIONS = YES;
				CLANG_WARN_DIRECT_OBJC_ISA_USAGE = YES_ERROR;
				CLANG_WARN_DOCUMENTATION_COMMENTS = YES;
				CLANG_WARN_EMPTY_BODY = YES;
				CLANG_WARN_ENUM_CONVERSION = YES;
				CLANG_WARN_INFINITE_RECURSION = YES;
				CLANG_WARN_INT_CONVERSION = YES;
				CLANG_WARN_NON_LITERAL_NULL_CONVERSION = YES;
				CLANG_WARN_OBJC_IMPLICIT_RETAIN_SELF = YES;
				CLANG_WARN_OBJC_LITERAL_CONVERSION = YES;
				CLANG_WARN_OBJC_ROOT_CLASS = YES_ERROR;
				CLANG_WARN_RANGE_LOOP_ANALYSIS = YES;
				CLANG_WARN_STRICT_PROTOTYPES = YES;
				CLANG_WARN_SUSPICIOUS_MOVE = YES;
				CLANG_WARN_UNGUARDED_AVAILABILITY = YES_AGGRESSIVE;
				CLANG_WARN_UNREACHABLE_CODE = YES;
				CLANG_WARN__DUPLICATE_METHOD_MATCH = YES;
				COPY_PHASE_STRIP = NO;
				DEBUG_INFORMATION_FORMAT = "dwarf-with-dsym";
				ENABLE_NS_ASSERTIONS = NO;
				ENABLE_STRICT_OBJC_MSGSEND = YES;
				GCC_C_LANGUAGE_STANDARD = gnu11;
				GCC_NO_COMMON_BLOCKS = YES;
				GCC_WARN_64_TO_32_BIT_CONVERSION = YES;
				GCC_WARN_ABOUT_RETURN_TYPE = YES_ERROR;
				GCC_WARN_UNDECLARED_SELECTOR = YES;
				GCC_WARN_UNINITIALIZED_AUTOS = YES_AGGRESSIVE;
				GCC_WARN_UNUSED_FUNCTION = YES;
				GCC_WARN_UNUSED_VARIABLE = YES;
				IPHONEOS_DEPLOYMENT_TARGET = 13.2;
				MTL_ENABLE_DEBUG_INFO = NO;
				MTL_FAST_MATH = YES;
				SDKROOT = iphoneos;
				SWIFT_COMPILATION_MODE = wholemodule;
				SWIFT_OPTIMIZATION_LEVEL = "-O";
				VALIDATE_PRODUCT = YES;
			};
			name = Release;
		};
		BB82BA292418F449007AEE44 /* Debug */ = {
			isa = XCBuildConfiguration;
			buildSettings = {
				ASSETCATALOG_COMPILER_APPICON_NAME = AppIcon;
				CODE_SIGN_STYLE = Automatic;
				DEVELOPMENT_TEAM = N2G633WG83;
				INFOPLIST_FILE = Mentalist/Info.plist;
				LD_RUNPATH_SEARCH_PATHS = (
					"$(inherited)",
					"@executable_path/Frameworks",
				);
				PRODUCT_BUNDLE_IDENTIFIER = AL.PeerToPeerBLEtttttjjh;
				PRODUCT_NAME = "$(TARGET_NAME)";
				SWIFT_VERSION = 5.0;
				TARGETED_DEVICE_FAMILY = "1,2";
			};
			name = Debug;
		};
		BB82BA2A2418F449007AEE44 /* Release */ = {
			isa = XCBuildConfiguration;
			buildSettings = {
				ASSETCATALOG_COMPILER_APPICON_NAME = AppIcon;
				CODE_SIGN_STYLE = Automatic;
				DEVELOPMENT_TEAM = N2G633WG83;
				INFOPLIST_FILE = Mentalist/Info.plist;
				LD_RUNPATH_SEARCH_PATHS = (
					"$(inherited)",
					"@executable_path/Frameworks",
				);
				PRODUCT_BUNDLE_IDENTIFIER = AL.PeerToPeerBLEtttttjjh;
				PRODUCT_NAME = "$(TARGET_NAME)";
				SWIFT_VERSION = 5.0;
				TARGETED_DEVICE_FAMILY = "1,2";
			};
			name = Release;
		};
		BB82BA2C2418F449007AEE44 /* Debug */ = {
			isa = XCBuildConfiguration;
			buildSettings = {
				ALWAYS_EMBED_SWIFT_STANDARD_LIBRARIES = YES;
				BUNDLE_LOADER = "$(TEST_HOST)";
				CODE_SIGN_STYLE = Automatic;
				DEVELOPMENT_TEAM = N2G633WG83;
				INFOPLIST_FILE = MentalistTests/Info.plist;
				IPHONEOS_DEPLOYMENT_TARGET = 13.2;
				LD_RUNPATH_SEARCH_PATHS = (
					"$(inherited)",
					"@executable_path/Frameworks",
					"@loader_path/Frameworks",
				);
				PRODUCT_BUNDLE_IDENTIFIER = dev.debalme.MentalistTests;
				PRODUCT_NAME = "$(TARGET_NAME)";
				SWIFT_VERSION = 5.0;
				TARGETED_DEVICE_FAMILY = "1,2";
				TEST_HOST = "$(BUILT_PRODUCTS_DIR)/Mentalist.app/Mentalist";
			};
			name = Debug;
		};
		BB82BA2D2418F449007AEE44 /* Release */ = {
			isa = XCBuildConfiguration;
			buildSettings = {
				ALWAYS_EMBED_SWIFT_STANDARD_LIBRARIES = YES;
				BUNDLE_LOADER = "$(TEST_HOST)";
				CODE_SIGN_STYLE = Automatic;
				DEVELOPMENT_TEAM = N2G633WG83;
				INFOPLIST_FILE = MentalistTests/Info.plist;
				IPHONEOS_DEPLOYMENT_TARGET = 13.2;
				LD_RUNPATH_SEARCH_PATHS = (
					"$(inherited)",
					"@executable_path/Frameworks",
					"@loader_path/Frameworks",
				);
				PRODUCT_BUNDLE_IDENTIFIER = dev.debalme.MentalistTests;
				PRODUCT_NAME = "$(TARGET_NAME)";
				SWIFT_VERSION = 5.0;
				TARGETED_DEVICE_FAMILY = "1,2";
				TEST_HOST = "$(BUILT_PRODUCTS_DIR)/Mentalist.app/Mentalist";
			};
			name = Release;
		};
/* End XCBuildConfiguration section */

/* Begin XCConfigurationList section */
		BB82BA042418F447007AEE44 /* Build configuration list for PBXProject "Mentalist" */ = {
			isa = XCConfigurationList;
			buildConfigurations = (
				BB82BA262418F449007AEE44 /* Debug */,
				BB82BA272418F449007AEE44 /* Release */,
			);
			defaultConfigurationIsVisible = 0;
			defaultConfigurationName = Release;
		};
		BB82BA282418F449007AEE44 /* Build configuration list for PBXNativeTarget "Mentalist" */ = {
			isa = XCConfigurationList;
			buildConfigurations = (
				BB82BA292418F449007AEE44 /* Debug */,
				BB82BA2A2418F449007AEE44 /* Release */,
			);
			defaultConfigurationIsVisible = 0;
			defaultConfigurationName = Release;
		};
		BB82BA2B2418F449007AEE44 /* Build configuration list for PBXNativeTarget "MentalistTests" */ = {
			isa = XCConfigurationList;
			buildConfigurations = (
				BB82BA2C2418F449007AEE44 /* Debug */,
				BB82BA2D2418F449007AEE44 /* Release */,
			);
			defaultConfigurationIsVisible = 0;
			defaultConfigurationName = Release;
		};
/* End XCConfigurationList section */
	};
	rootObject = BB82BA012418F447007AEE44 /* Project object */;
}
